
Microsoft Visual Studio Solution File, Format Version 12.00
# Visual Studio Version 17
VisualStudioVersion = 17.10.34928.147
MinimumVisualStudioVersion = 10.0.40219.1
Project("{FAE04EC0-301F-11D3-BF4B-00C04F79EFBC}") = "Web_Minimal_API", "Web_Minimal_API.csproj", "{23743816-6272-43B7-81A5-368569F61418}"
EndProject
Global
	GlobalSection(SolutionConfigurationPlatforms) = preSolution
		Debug|Any CPU = Debug|Any CPU
		Release|Any CPU = Release|Any CPU
	EndGlobalSection
	GlobalSection(ProjectConfigurationPlatforms) = postSolution
		{23743816-6272-43B7-81A5-368569F61418}.Debug|Any CPU.ActiveCfg = Debug|Any CPU
		{23743816-6272-43B7-81A5-368569F61418}.Debug|Any CPU.Build.0 = Debug|Any CPU
		{23743816-6272-43B7-81A5-368569F61418}.Release|Any CPU.ActiveCfg = Release|Any CPU
		{23743816-6272-43B7-81A5-368569F61418}.Release|Any CPU.Build.0 = Release|Any CPU
	EndGlobalSection
	GlobalSection(SolutionProperties) = preSolution
		HideSolutionNode = FALSE
	EndGlobalSection
	GlobalSection(ExtensibilityGlobals) = postSolution
		SolutionGuid = {B82A4D93-30F8-4210-A047-39776D56C441}
	EndGlobalSection
EndGlobal
